
Microsoft Visual Studio Solution File, Format Version 12.00
# Visual Studio 14
VisualStudioVersion = 14.0.25420.1
MinimumVisualStudioVersion = 10.0.40219.1
Project("{888888A0-9F3D-457C-B088-3A5042F75D52}") = "AcquisitionLogic", "AcquisitionLogic\AcquisitionLogic.pyproj", "{654E317C-39CA-4B44-96DB-2DE45E5F1DFF}"
EndProject
Global
	GlobalSection(SolutionConfigurationPlatforms) = preSolution
		Debug|Any CPU = Debug|Any CPU
		Release|Any CPU = Release|Any CPU
	EndGlobalSection
	GlobalSection(ProjectConfigurationPlatforms) = postSolution
		{654E317C-39CA-4B44-96DB-2DE45E5F1DFF}.Debug|Any CPU.ActiveCfg = Debug|Any CPU
		{654E317C-39CA-4B44-96DB-2DE45E5F1DFF}.Release|Any CPU.ActiveCfg = Release|Any CPU
	EndGlobalSection
	GlobalSection(SolutionProperties) = preSolution
		HideSolutionNode = FALSE
	EndGlobalSection
EndGlobal
